
Microsoft Visual Studio Solution File, Format Version 12.00
# Visual Studio Version 16
VisualStudioVersion = 16.0.30907.101
MinimumVisualStudioVersion = 10.0.40219.1
Project("{9A19103F-16F7-4668-BE54-9A1E7A4F7556}") = "MishaNetworkDemoOS", "MishaNetworkDemoOS\MishaNetworkDemoOS.csproj", "{828569F8-C386-48F9-92F8-2E8DD0AEE672}"
EndProject
Global
	GlobalSection(SolutionConfigurationPlatforms) = preSolution
		Debug|Any CPU = Debug|Any CPU
		Release|Any CPU = Release|Any CPU
	EndGlobalSection
	GlobalSection(ProjectConfigurationPlatforms) = postSolution
		{828569F8-C386-48F9-92F8-2E8DD0AEE672}.Debug|Any CPU.ActiveCfg = Debug|Any CPU
		{828569F8-C386-48F9-92F8-2E8DD0AEE672}.Debug|Any CPU.Build.0 = Debug|Any CPU
		{828569F8-C386-48F9-92F8-2E8DD0AEE672}.Release|Any CPU.ActiveCfg = Release|Any CPU
		{828569F8-C386-48F9-92F8-2E8DD0AEE672}.Release|Any CPU.Build.0 = Release|Any CPU
	EndGlobalSection
	GlobalSection(SolutionProperties) = preSolution
		HideSolutionNode = FALSE
	EndGlobalSection
	GlobalSection(ExtensibilityGlobals) = postSolution
		SolutionGuid = {7D0467A2-0150-41F5-BD20-2AEEED723AF3}
	EndGlobalSection
EndGlobal
